
Microsoft Visual Studio Solution File, Format Version 12.00
Project("{FAE04EC0-301F-11D3-BF4B-00C04F79EFBC}") = "Immutability", "Immutability\Immutability.csproj", "{ED91EFE9-8F2E-4184-A9E2-0C90398A98DF}"
EndProject
Global
	GlobalSection(SolutionConfigurationPlatforms) = preSolution
		Debug|Any CPU = Debug|Any CPU
		Release|Any CPU = Release|Any CPU
	EndGlobalSection
	GlobalSection(ProjectConfigurationPlatforms) = postSolution
		{ED91EFE9-8F2E-4184-A9E2-0C90398A98DF}.Debug|Any CPU.ActiveCfg = Debug|Any CPU
		{ED91EFE9-8F2E-4184-A9E2-0C90398A98DF}.Debug|Any CPU.Build.0 = Debug|Any CPU
		{ED91EFE9-8F2E-4184-A9E2-0C90398A98DF}.Release|Any CPU.ActiveCfg = Release|Any CPU
		{ED91EFE9-8F2E-4184-A9E2-0C90398A98DF}.Release|Any CPU.Build.0 = Release|Any CPU
	EndGlobalSection
EndGlobal
